# THIS IS AN AUTOGENERATED FILE. DO NOT EDIT THIS FILE DIRECTLY.
# yarn lockfile v1


"@esbuild/android-arm64@0.16.15":
  version "0.16.15"
  resolved "https://registry.yarnpkg.com/@esbuild/android-arm64/-/android-arm64-0.16.15.tgz#d58b9efe279b553b377395318d21e360058b3622"
  integrity sha512-OdbkUv7468dSsgoFtHIwTaYAuI5lDEv/v+dlfGBUbVa2xSDIIuSOHXawynw5N9+5lygo/JdXa5/sgGjiEU18gQ==

"@esbuild/android-arm@0.16.15":
  version "0.16.15"
  resolved "https://registry.yarnpkg.com/@esbuild/android-arm/-/android-arm-0.16.15.tgz#6a8ad3016fd9c89bb419bd21605fba242c051809"
  integrity sha512-JsJtmadyWcR+DEtHLixM7bAQsfi1s0Xotv9kVOoXbCLyhKPOHvMEyh3kJBuTbCPSE4c2jQkQVmarwc9Mg9k3bA==

"@esbuild/android-x64@0.16.15":
  version "0.16.15"
  resolved "https://registry.yarnpkg.com/@esbuild/android-x64/-/android-x64-0.16.15.tgz#94b0589b6bec5eaf7e8ea2fe6368427899676f21"
  integrity sha512-dPUOBiNNWAm+/bxoA75o7R7qqqfcEzXaYlb5uJk2xGHmUMNKSAnDCtRYLgx9/wfE4sXyn8H948OrDyUAHhPOuA==

"@esbuild/darwin-arm64@0.16.15":
  version "0.16.15"
  resolved "https://registry.yarnpkg.com/@esbuild/darwin-arm64/-/darwin-arm64-0.16.15.tgz#525e5603a82837a1e7c8265d3b14433aa869e9b6"
  integrity sha512-AksarYV85Hxgwh5/zb6qGl4sYWxIXPQGBAZ+jUro1ZpINy3EWumK+/4DPOKUBPnsrOIvnNXy7Rq4mTeCsMQDNA==

"@esbuild/darwin-x64@0.16.15":
  version "0.16.15"
  resolved "https://registry.yarnpkg.com/@esbuild/darwin-x64/-/darwin-x64-0.16.15.tgz#38ec324a3653ade5acc5c190a7a27185caa6223e"
  integrity sha512-qqrKJxoohceZGGP+sZ5yXkzW9ZiyFZJ1gWSEfuYdOWzBSL18Uy3w7s/IvnDYHo++/cxwqM0ch3HQVReSZy7/4Q==

"@esbuild/freebsd-arm64@0.16.15":
  version "0.16.15"
  resolved "https://registry.yarnpkg.com/@esbuild/freebsd-arm64/-/freebsd-arm64-0.16.15.tgz#05c19bf6e4e56387f6a56bd6933839e889146726"
  integrity sha512-LBWaep6RvJm5KnsKkocdVEzuwnGMjz54fcRVZ9d3R7FSEWOtPBxMhuxeA1n98JVbCLMkTPFmKN6xSnfhnM9WXQ==

"@esbuild/freebsd-x64@0.16.15":
  version "0.16.15"
  resolved "https://registry.yarnpkg.com/@esbuild/freebsd-x64/-/freebsd-x64-0.16.15.tgz#68855666ecf1616e2a927154148d4409cd8bc55b"
  integrity sha512-LE8mKC6JPR04kPLRP9A6k7ZmG0k2aWF4ru79Sde6UeWCo7yDby5f48uJNFQ2pZqzUUkLrHL8xNdIHerJeZjHXg==

"@esbuild/linux-arm64@0.16.15":
  version "0.16.15"
  resolved "https://registry.yarnpkg.com/@esbuild/linux-arm64/-/linux-arm64-0.16.15.tgz#93e8630d19f3a25d31c6467e2b136438391a3ca9"
  integrity sha512-mRYpuQGbzY+XLczy3Sk7fMJ3DRKLGDIuvLKkkUkyecDGQMmil6K/xVKP9IpKO7JtNH477qAiMjjX7jfKae8t4g==

"@esbuild/linux-arm@0.16.15":
  version "0.16.15"
  resolved "https://registry.yarnpkg.com/@esbuild/linux-arm/-/linux-arm-0.16.15.tgz#9343c9d0e18d15ca5b4e293154e4beae2598b5db"
  integrity sha512-+1sGlqtMJTOnJUXwLUGnDhPaGRKqxT0UONtYacS+EjdDOrSgpQ/1gUXlnze45Z/BogwYaswQM19Gu1YD1T19/w==

"@esbuild/linux-ia32@0.16.15":
  version "0.16.15"
  resolved "https://registry.yarnpkg.com/@esbuild/linux-ia32/-/linux-ia32-0.16.15.tgz#2c63615bb87cb2d080f3dc7dd0e3174b9b977233"
  integrity sha512-puXVFvY4m8EB6/fzu3LdgjiNnEZ3gZMSR7NmKoQe51l3hyQalvTjab3Dt7aX4qGf+8Pj7dsCOBNzNzkSlr/4Aw==

"@esbuild/linux-loong64@0.16.15":
  version "0.16.15"
  resolved "https://registry.yarnpkg.com/@esbuild/linux-loong64/-/linux-loong64-0.16.15.tgz#85a245672709ce60895baf93b1ad3fb4b3cdab4f"
  integrity sha512-ATMGb3eg8T6ZTGZFldlGeFEcevBiVq6SBHvRAO04HMfUjZWneZ/U+JJb3YzlNZxuscJ4Tmzq+JrYxlk7ro4dRg==

"@esbuild/linux-mips64el@0.16.15":
  version "0.16.15"
  resolved "https://registry.yarnpkg.com/@esbuild/linux-mips64el/-/linux-mips64el-0.16.15.tgz#41e325ccd6432f952c674d763d9e5acc25a00267"
  integrity sha512-3SEA4L82OnoSATW+Ve8rPgLaKjC8WMt8fnx7De9kvi/NcVbkj8W+J7qnu/tK2P9pUPQP7Au/0sjPEqZtFeyKQQ==

"@esbuild/linux-ppc64@0.16.15":
  version "0.16.15"
  resolved "https://registry.yarnpkg.com/@esbuild/linux-ppc64/-/linux-ppc64-0.16.15.tgz#51c7ed8fec6f9860716cdb1bb86835bdb9206108"
  integrity sha512-8PgbeX+N6vmqeySzyxO0NyDOltCEW13OS5jUHTvCHmCgf4kNXZtAWJ+zEfJxjRGYhVezQ1FdIm7WfN1R27uOyg==

"@esbuild/linux-riscv64@0.16.15":
  version "0.16.15"
  resolved "https://registry.yarnpkg.com/@esbuild/linux-riscv64/-/linux-riscv64-0.16.15.tgz#44cb5ad5318d72f52378fa666b2010551c67f333"
  integrity sha512-U+coqH+89vbPVoU30no1Fllrn6gvEeO5tfEArBhjYZ+dQ3Gv7ciQXYf5nrT1QdlIFwEjH4Is1U1iiaGWW+tGpQ==

"@esbuild/linux-s390x@0.16.15":
  version "0.16.15"
  resolved "https://registry.yarnpkg.com/@esbuild/linux-s390x/-/linux-s390x-0.16.15.tgz#69572a26c2120ddd446d8207d30ae8f94a801a72"
  integrity sha512-M0nKLFMdyFGBoitxG42kq6Xap0CPeDC6gfF9lg7ZejzGF6kqYUGT+pQGl2QCQoxJBeat/LzTma1hG8C3dq2ocg==

"@esbuild/linux-x64@0.16.15":
  version "0.16.15"
  resolved "https://registry.yarnpkg.com/@esbuild/linux-x64/-/linux-x64-0.16.15.tgz#0a4cb4f62379f839ef2c79d94f13ca0b76469d8a"
  integrity sha512-t7/fOXBUKfigvhJLGKZ9TPHHgqNgpIpYaAbcXQk1X+fPeUG7x0tpAbXJ2wST9F/gJ02+CLETPMnhG7Tra2wqsQ==

"@esbuild/netbsd-x64@0.16.15":
  version "0.16.15"
  resolved "https://registry.yarnpkg.com/@esbuild/netbsd-x64/-/netbsd-x64-0.16.15.tgz#cba5674608c197bee9d25451ae458ab76a770a45"
  integrity sha512-0k0Nxi6DOJmTnLtKD/0rlyqOPpcqONXY53vpkoAsue8CfyhNPWtwzba1ICFNCfCY1dqL3Ho/xEzujJhmdXq1rg==

"@esbuild/openbsd-x64@0.16.15":
  version "0.16.15"
  resolved "https://registry.yarnpkg.com/@esbuild/openbsd-x64/-/openbsd-x64-0.16.15.tgz#4ea4394d5b9c67bac6dcd1e527b47c64990d7d92"
  integrity sha512-3SkckazfIbdSjsGpuIYT3d6n2Hx0tck3MS1yVsbahhWiLvdy4QozTpvlbjqO3GmvtvhxY4qdyhFOO2wiZKeTAQ==

"@esbuild/sunos-x64@0.16.15":
  version "0.16.15"
  resolved "https://registry.yarnpkg.com/@esbuild/sunos-x64/-/sunos-x64-0.16.15.tgz#91174f7058dfc6cfafdf2251330f6767506db7a7"
  integrity sha512-8PNvBC+O8X5EnyIGqE8St2bOjjrXMR17NOLenIrzolvwWnJXvwPo0tE/ahOeiAJmTOS/eAcN8b4LAZcn17Uj7w==

"@esbuild/win32-arm64@0.16.15":
  version "0.16.15"
  resolved "https://registry.yarnpkg.com/@esbuild/win32-arm64/-/win32-arm64-0.16.15.tgz#3fa7189ec92d1de87563ab9e73b3e0a4adbfd203"
  integrity sha512-YPaSgm/mm7kNcATB53OxVGVfn6rDNbImTn330ZlF3hKej1e9ktCaljGjn2vH08z2dlHEf3kdt57tNjE6zs8SzA==

"@esbuild/win32-ia32@0.16.15":
  version "0.16.15"
  resolved "https://registry.yarnpkg.com/@esbuild/win32-ia32/-/win32-ia32-0.16.15.tgz#a114e4878e74fa6b5453cb407be4f2a28b72809d"
  integrity sha512-0movUXbSNrTeNf5ZXT0avklEvlJD0hNGZsrrXHfsp9z4tK5xC+apCqmUEZeE9mqrb84Z8XbgGr/MS9LqafTP2A==

"@esbuild/win32-x64@0.16.15":
  version "0.16.15"
  resolved "https://registry.yarnpkg.com/@esbuild/win32-x64/-/win32-x64-0.16.15.tgz#e28277cdbc1c9cde2b982c814d05f44d4b1f0580"
  integrity sha512-27h5GCcbfomVAqAnMJWvR1LqEY0dFqIq4vTe5nY3becnZNu0SX8F0+gTk3JPvgWQHzaGc6VkPzlOiMkdSUunUA==

"@hotwired/stimulus@^3.2.1":
  version "3.2.1"
  resolved "https://registry.yarnpkg.com/@hotwired/stimulus/-/stimulus-3.2.1.tgz#e3de23623b0c52c247aba4cd5d530d257008676b"
  integrity sha512-HGlzDcf9vv/EQrMJ5ZG6VWNs8Z/xMN+1o2OhV1gKiSG6CqZt5MCBB1gRg5ILiN3U0jEAxuDTNPRfBcnZBDmupQ==

"@hotwired/turbo-rails@^7.2.4":
  version "7.2.4"
  resolved "https://registry.yarnpkg.com/@hotwired/turbo-rails/-/turbo-rails-7.2.4.tgz#d155533e79c4ebdac23e8fe12697d821d5c06307"
  integrity sha512-givDUQqaccd19BvErz1Cf2j6MXF74m0G6I75oqFJGeXAa7vwkz9nDplefVNrALCR9Xi9j9gy32xmSI6wD0tZyA==
  dependencies:
    "@hotwired/turbo" "^7.2.4"
    "@rails/actioncable" "^7.0"

"@hotwired/turbo@^7.2.4":
  version "7.2.4"
  resolved "https://registry.yarnpkg.com/@hotwired/turbo/-/turbo-7.2.4.tgz#0d35541be32cfae3b4f78c6ab9138f5b21f28a21"
  integrity sha512-c3xlOroHp/cCZHDOuLp6uzQYEbvXBUVaal0puXoGJ9M8L/KHwZ3hQozD4dVeSN9msHWLxxtmPT1TlCN7gFhj4w==

"@rails/actioncable@^7.0":
  version "7.0.4"
  resolved "https://registry.yarnpkg.com/@rails/actioncable/-/actioncable-7.0.4.tgz#70a3ca56809f7aaabb80af2f9c01ae51e1a8ed41"
  integrity sha512-tz4oM+Zn9CYsvtyicsa/AwzKZKL+ITHWkhiu7x+xF77clh2b4Rm+s6xnOgY/sGDWoFWZmtKsE95hxBPkgQQNnQ==

anymatch@~3.1.2:
  version "3.1.3"
  resolved "https://registry.yarnpkg.com/anymatch/-/anymatch-3.1.3.tgz#790c58b19ba1720a84205b57c618d5ad8524973e"
  integrity sha512-KMReFUr0B4t+D+OBkjR3KYqvocp2XaSzO55UcB6mgQMd3KbcE+mWTyvVV7D/zsdEbNnV6acZUutkiHQXvTr1Rw==
  dependencies:
    normalize-path "^3.0.0"
    picomatch "^2.0.4"

binary-extensions@^2.0.0:
  version "2.2.0"
  resolved "https://registry.yarnpkg.com/binary-extensions/-/binary-extensions-2.2.0.tgz#75f502eeaf9ffde42fc98829645be4ea76bd9e2d"
  integrity sha512-jDctJ/IVQbZoJykoeHbhXpOlNBqGNcwXJKJog42E5HDPUwQTSdjCHdihjj0DlnheQ7blbT6dHOafNAiS8ooQKA==

braces@~3.0.2:
  version "3.0.2"
  resolved "https://registry.yarnpkg.com/braces/-/braces-3.0.2.tgz#3454e1a462ee8d599e236df336cd9ea4f8afe107"
  integrity sha512-b8um+L1RzM3WDSzvhm6gIz1yfTbBt6YTlcEKAvsmqCZZFw46z626lVj9j1yEPW33H5H+lBQpZMP1k8l+78Ha0A==
  dependencies:
    fill-range "^7.0.1"

bulma@^0.9.4:
  version "0.9.4"
  resolved "https://registry.yarnpkg.com/bulma/-/bulma-0.9.4.tgz#0ca8aeb1847a34264768dba26a064c8be72674a1"
  integrity sha512-86FlT5+1GrsgKbPLRRY7cGDg8fsJiP/jzTqXXVqiUZZ2aZT8uemEOHlU1CDU+TxklPEZ11HZNNWclRBBecP4CQ==

"chokidar@>=3.0.0 <4.0.0":
  version "3.5.3"
  resolved "https://registry.yarnpkg.com/chokidar/-/chokidar-3.5.3.tgz#1cf37c8707b932bd1af1ae22c0432e2acd1903bd"
  integrity sha512-Dr3sfKRP6oTcjf2JmUmFJfeVMvXBdegxB0iVQ5eb2V10uFJUCAS8OByZdVAyVb8xXNz3GjjTgj9kLWsZTqE6kw==
  dependencies:
    anymatch "~3.1.2"
    braces "~3.0.2"
    glob-parent "~5.1.2"
    is-binary-path "~2.1.0"
    is-glob "~4.0.1"
    normalize-path "~3.0.0"
    readdirp "~3.6.0"
  optionalDependencies:
    fsevents "~2.3.2"

esbuild@^0.16.15:
  version "0.16.15"
  resolved "https://registry.yarnpkg.com/esbuild/-/esbuild-0.16.15.tgz#02663f41eac47433879f09894dbe97c2dc837ecf"
  integrity sha512-v+3ozjy9wyj8cOElzx3//Lsb4TCxPfZxRmdsfm0YaEkvZu7y6rKH7Zi1UpDx4JI7dSQui+U1Qxhfij9KBbHfrA==
  optionalDependencies:
    "@esbuild/android-arm" "0.16.15"
    "@esbuild/android-arm64" "0.16.15"
    "@esbuild/android-x64" "0.16.15"
    "@esbuild/darwin-arm64" "0.16.15"
    "@esbuild/darwin-x64" "0.16.15"
    "@esbuild/freebsd-arm64" "0.16.15"
    "@esbuild/freebsd-x64" "0.16.15"
    "@esbuild/linux-arm" "0.16.15"
    "@esbuild/linux-arm64" "0.16.15"
    "@esbuild/linux-ia32" "0.16.15"
    "@esbuild/linux-loong64" "0.16.15"
    "@esbuild/linux-mips64el" "0.16.15"
    "@esbuild/linux-ppc64" "0.16.15"
    "@esbuild/linux-riscv64" "0.16.15"
    "@esbuild/linux-s390x" "0.16.15"
    "@esbuild/linux-x64" "0.16.15"
    "@esbuild/netbsd-x64" "0.16.15"
    "@esbuild/openbsd-x64" "0.16.15"
    "@esbuild/sunos-x64" "0.16.15"
    "@esbuild/win32-arm64" "0.16.15"
    "@esbuild/win32-ia32" "0.16.15"
    "@esbuild/win32-x64" "0.16.15"

fill-range@^7.0.1:
  version "7.0.1"
  resolved "https://registry.yarnpkg.com/fill-range/-/fill-range-7.0.1.tgz#1919a6a7c75fe38b2c7c77e5198535da9acdda40"
  integrity sha512-qOo9F+dMUmC2Lcb4BbVvnKJxTPjCm+RRpe4gDuGrzkL7mEVl/djYSu2OdQ2Pa302N4oqkSg9ir6jaLWJ2USVpQ==
  dependencies:
    to-regex-range "^5.0.1"

fsevents@~2.3.2:
  version "2.3.2"
  resolved "https://registry.yarnpkg.com/fsevents/-/fsevents-2.3.2.tgz#8a526f78b8fdf4623b709e0b975c52c24c02fd1a"
  integrity sha512-xiqMQR4xAeHTuB9uWm+fFRcIOgKBMiOBP+eXiyT7jsgVCq1bkVygt00oASowB7EdtpOHaaPgKt812P9ab+DDKA==

glob-parent@~5.1.2:
  version "5.1.2"
  resolved "https://registry.yarnpkg.com/glob-parent/-/glob-parent-5.1.2.tgz#869832c58034fe68a4093c17dc15e8340d8401c4"
  integrity sha512-AOIgSQCepiJYwP3ARnGx+5VnTu2HBYdzbGP45eLw1vr3zB3vZLeyed1sC9hnbcOc9/SrMyM5RPQrkGz4aS9Zow==
  dependencies:
    is-glob "^4.0.1"

immutable@^4.0.0:
  version "4.2.2"
  resolved "https://registry.yarnpkg.com/immutable/-/immutable-4.2.2.tgz#2da9ff4384a4330c36d4d1bc88e90f9e0b0ccd16"
  integrity sha512-fTMKDwtbvO5tldky9QZ2fMX7slR0mYpY5nbnFWYp0fOzDhHqhgIw9KoYgxLWsoNTS9ZHGauHj18DTyEw6BK3Og==

is-binary-path@~2.1.0:
  version "2.1.0"
  resolved "https://registry.yarnpkg.com/is-binary-path/-/is-binary-path-2.1.0.tgz#ea1f7f3b80f064236e83470f86c09c254fb45b09"
  integrity sha512-ZMERYes6pDydyuGidse7OsHxtbI7WVeUEozgR/g7rd0xUimYNlvZRE/K2MgZTjWy725IfelLeVcEM97mmtRGXw==
  dependencies:
    binary-extensions "^2.0.0"

is-extglob@^2.1.1:
  version "2.1.1"
  resolved "https://registry.yarnpkg.com/is-extglob/-/is-extglob-2.1.1.tgz#a88c02535791f02ed37c76a1b9ea9773c833f8c2"
  integrity sha512-SbKbANkN603Vi4jEZv49LeVJMn4yGwsbzZworEoyEiutsN3nJYdbO36zfhGJ6QEDpOZIFkDtnq5JRxmvl3jsoQ==

is-glob@^4.0.1, is-glob@~4.0.1:
  version "4.0.3"
  resolved "https://registry.yarnpkg.com/is-glob/-/is-glob-4.0.3.tgz#64f61e42cbbb2eec2071a9dac0b28ba1e65d5084"
  integrity sha512-xelSayHH36ZgE7ZWhli7pW34hNbNl8Ojv5KVmkJD4hBdD3th8Tfk9vYasLM+mXWOZhFkgZfxhLSnrwRr4elSSg==
  dependencies:
    is-extglob "^2.1.1"

is-number@^7.0.0:
  version "7.0.0"
  resolved "https://registry.yarnpkg.com/is-number/-/is-number-7.0.0.tgz#7535345b896734d5f80c4d06c50955527a14f12b"
  integrity sha512-41Cifkg6e8TylSpdtTpeLVMqvSBEVzTttHvERD741+pnZ8ANv0004MRL43QKPDlK9cGvNp6NZWZUBlbGXYxxng==

normalize-path@^3.0.0, normalize-path@~3.0.0:
  version "3.0.0"
  resolved "https://registry.yarnpkg.com/normalize-path/-/normalize-path-3.0.0.tgz#0dcd69ff23a1c9b11fd0978316644a0388216a65"
  integrity sha512-6eZs5Ls3WtCisHWp9S2GUy8dqkpGi4BVSz3GaqiE6ezub0512ESztXUwUB6C6IKbQkY2Pnb/mD4WYojCRwcwLA==

picomatch@^2.0.4, picomatch@^2.2.1:
  version "2.3.1"
  resolved "https://registry.yarnpkg.com/picomatch/-/picomatch-2.3.1.tgz#3ba3833733646d9d3e4995946c1365a67fb07a42"
  integrity sha512-JU3teHTNjmE2VCGFzuY8EXzCDVwEqB2a8fsIvwaStHhAWJEeVd1o1QD80CU6+ZdEXXSLbSsuLwJjkCBWqRQUVA==

readdirp@~3.6.0:
  version "3.6.0"
  resolved "https://registry.yarnpkg.com/readdirp/-/readdirp-3.6.0.tgz#74a370bd857116e245b29cc97340cd431a02a6c7"
  integrity sha512-hOS089on8RduqdbhvQ5Z37A0ESjsqz6qnRcffsMU3495FuTdqSm+7bhJ29JvIOsBDEEnan5DPu9t3To9VRlMzA==
  dependencies:
    picomatch "^2.2.1"

sass@^1.57.1:
  version "1.57.1"
  resolved "https://registry.yarnpkg.com/sass/-/sass-1.57.1.tgz#dfafd46eb3ab94817145e8825208ecf7281119b5"
  integrity sha512-O2+LwLS79op7GI0xZ8fqzF7X2m/m8WFfI02dHOdsK5R2ECeS5F62zrwg/relM1rjSLy7Vd/DiMNIvPrQGsA0jw==
  dependencies:
    chokidar ">=3.0.0 <4.0.0"
    immutable "^4.0.0"
    source-map-js ">=0.6.2 <2.0.0"

"source-map-js@>=0.6.2 <2.0.0":
  version "1.0.2"
  resolved "https://registry.yarnpkg.com/source-map-js/-/source-map-js-1.0.2.tgz#adbc361d9c62df380125e7f161f71c826f1e490c"
  integrity sha512-R0XvVJ9WusLiqTCEiGCmICCMplcCkIwwR11mOSD9CR5u+IXYdiseeEuXCVAjS54zqwkLcPNnmU4OeJ6tUrWhDw==

to-regex-range@^5.0.1:
  version "5.0.1"
  resolved "https://registry.yarnpkg.com/to-regex-range/-/to-regex-range-5.0.1.tgz#1648c44aae7c8d988a326018ed72f5b4dd0392e4"
  integrity sha512-65P7iz6X5yEr1cwcgvQxbbIw7Uk3gOy5dIdtZ4rDveLqhrdJP+Li/Hx6tyK0NEb+2GCyneCMJiGqrADCSNk8sQ==
  dependencies:
    is-number "^7.0.0"
